
Microsoft Visual Studio Solution File, Format Version 12.00
Project("{FAE04EC0-301F-11D3-BF4B-00C04F79EFBC}") = "Day-1-Student-Class-Example", "Day-1-Student-Class-Example\Day-1-Student-Class-Example.csproj", "{AB3E60A7-75EF-4A76-90BE-7C117AA1FC4C}"
EndProject
Global
	GlobalSection(SolutionConfigurationPlatforms) = preSolution
		Debug|Any CPU = Debug|Any CPU
		Release|Any CPU = Release|Any CPU
	EndGlobalSection
	GlobalSection(ProjectConfigurationPlatforms) = postSolution
		{AB3E60A7-75EF-4A76-90BE-7C117AA1FC4C}.Debug|Any CPU.ActiveCfg = Debug|Any CPU
		{AB3E60A7-75EF-4A76-90BE-7C117AA1FC4C}.Debug|Any CPU.Build.0 = Debug|Any CPU
		{AB3E60A7-75EF-4A76-90BE-7C117AA1FC4C}.Release|Any CPU.ActiveCfg = Release|Any CPU
		{AB3E60A7-75EF-4A76-90BE-7C117AA1FC4C}.Release|Any CPU.Build.0 = Release|Any CPU
	EndGlobalSection
EndGlobal
